
Microsoft Visual Studio Solution File, Format Version 12.00
# Visual Studio Version 17
VisualStudioVersion = 17.2.32602.215
MinimumVisualStudioVersion = 10.0.40219.1
Project("{FAE04EC0-301F-11D3-BF4B-00C04F79EFBC}") = "CotacaoDolar", "CotacaoDolar\CotacaoDolar.csproj", "{B9A3EE1B-E3A2-4624-BB7B-4BA1C2ABD175}"
EndProject
Global
	GlobalSection(SolutionConfigurationPlatforms) = preSolution
		Debug|Any CPU = Debug|Any CPU
		Release|Any CPU = Release|Any CPU
	EndGlobalSection
	GlobalSection(ProjectConfigurationPlatforms) = postSolution
		{B9A3EE1B-E3A2-4624-BB7B-4BA1C2ABD175}.Debug|Any CPU.ActiveCfg = Debug|Any CPU
		{B9A3EE1B-E3A2-4624-BB7B-4BA1C2ABD175}.Debug|Any CPU.Build.0 = Debug|Any CPU
		{B9A3EE1B-E3A2-4624-BB7B-4BA1C2ABD175}.Release|Any CPU.ActiveCfg = Release|Any CPU
		{B9A3EE1B-E3A2-4624-BB7B-4BA1C2ABD175}.Release|Any CPU.Build.0 = Release|Any CPU
	EndGlobalSection
	GlobalSection(SolutionProperties) = preSolution
		HideSolutionNode = FALSE
	EndGlobalSection
	GlobalSection(ExtensibilityGlobals) = postSolution
		SolutionGuid = {D5D57907-D10F-4228-B7F6-671751DD8CAD}
	EndGlobalSection
EndGlobal
